%{"aws_iot": {:git, "https://github.com/heri16/aws-iot-device-sdk-elixir.git", "1bdfc539240336a98f57fb3df473cfd66b786442", []},
  "connection": {:hex, :connection, "1.0.4", "a1cae72211f0eef17705aaededacac3eb30e6625b04a6117c1b2db6ace7d5976", [], [], "hexpm"},
  "db_connection": {:hex, :db_connection, "1.1.3", "89b30ca1ef0a3b469b1c779579590688561d586694a3ce8792985d4d7e575a61", [], [{:connection, "~> 1.0.2", [hex: :connection, repo: "hexpm", optional: false]}, {:poolboy, "~> 1.5", [hex: :poolboy, repo: "hexpm", optional: true]}, {:sbroker, "~> 1.0", [hex: :sbroker, repo: "hexpm", optional: true]}], "hexpm"},
  "decimal": {:hex, :decimal, "1.4.1", "ad9e501edf7322f122f7fc151cce7c2a0c9ada96f2b0155b8a09a795c2029770", [], [], "hexpm"},
  "emqttc": {:git, "https://github.com/heri16/emqttc.git", "d81c388d9ed2f79d20ec741cf07f01ff25afbdb0", [branch: "master"]},
  "gen_logger": {:git, "https://github.com/emqtt/gen_logger.git", "e3c9c60b153642193319c793501b10c263d76477", [branch: "master"]},
  "gen_mqtt": {:hex, :gen_mqtt, "0.4.0", "5e6a3b11354ccf6f6638d381ca37cf6bb5a21c18f849dad5ac3761b9260731c6", [], [{:vmq_commons, "1.0.0", [hex: :vmq_commons, repo: "hexpm", optional: false]}], "hexpm"},
  "getopt": {:git, "https://github.com/jcomellas/getopt.git", "fde61fe7aaebd843ce87a7d62253274b43d9acdb", [branch: "master"]},
  "goldrush": {:git, "https://github.com/basho/goldrush.git", "8f1b715d36b650ec1e1f5612c00e28af6ab0de82", [tag: "0.1.9"]},
  "jason": {:hex, :jason, "1.0.0", "0f7cfa9bdb23fed721ec05419bcee2b2c21a77e926bce0deda029b5adc716fe2", [], [{:decimal, "~> 1.0", [hex: :decimal, repo: "hexpm", optional: true]}], "hexpm"},
  "lager": {:git, "https://github.com/basho/lager.git", "81eaef0ce98fdbf64ab95665e3bc2ec4b24c7dac", [branch: "master"]},
  "postgrex": {:hex, :postgrex, "0.13.5", "3d931aba29363e1443da167a4b12f06dcd171103c424de15e5f3fc2ba3e6d9c5", [], [{:connection, "~> 1.0", [hex: :connection, repo: "hexpm", optional: false]}, {:db_connection, "~> 1.1", [hex: :db_connection, repo: "hexpm", optional: false]}, {:decimal, "~> 1.0", [hex: :decimal, repo: "hexpm", optional: false]}], "hexpm"},
  "uuid": {:hex, :uuid, "1.1.8", "e22fc04499de0de3ed1116b770c7737779f226ceefa0badb3592e64d5cfb4eb9", [], [], "hexpm"},
  "vmq_commons": {:hex, :vmq_commons, "1.0.0", "5f5005c12db33f92f40e818a3617fb148972d59adcf99298c9d3808ef3582e34", [], [], "hexpm"}}
